
Microsoft Visual Studio Solution File, Format Version 12.00
# Visual Studio Version 16
VisualStudioVersion = 16.0.32407.337
MinimumVisualStudioVersion = 10.0.40219.1
Project("{FAE04EC0-301F-11D3-BF4B-00C04F79EFBC}") = "WpfNaverMovieFinder", "WpfNaverMovieFinder\WpfNaverMovieFinder.csproj", "{145FDFCA-4BF5-457A-8F40-86F7121D7E05}"
EndProject
Project("{FAE04EC0-301F-11D3-BF4B-00C04F79EFBC}") = "WpfNaverNewsSearch", "WpfNaverNewsSearch\WpfNaverNewsSearch.csproj", "{0233FAA6-EC32-48FB-96F7-F400D0696714}"
EndProject
Project("{2150E333-8FDC-42A3-9474-1A3956D46DE8}") = "SmartHome", "SmartHome", "{C423F9D4-BEFF-4AAC-87CB-7C76C9220A82}"
EndProject
Project("{FAE04EC0-301F-11D3-BF4B-00C04F79EFBC}") = "DummyDataApp", "DummyDataApp\DummyDataApp.csproj", "{88387641-4C9C-471B-A12A-95738021D3F8}"
EndProject
Project("{FAE04EC0-301F-11D3-BF4B-00C04F79EFBC}") = "WpfSmartHomeMonitoringApp", "WpfSmartHomeMonitoringApp\WpfSmartHomeMonitoringApp.csproj", "{55F38347-3B41-4FBF-9898-5854794EDD1A}"
EndProject
Global
	GlobalSection(SolutionConfigurationPlatforms) = preSolution
		Debug|Any CPU = Debug|Any CPU
		Release|Any CPU = Release|Any CPU
	EndGlobalSection
	GlobalSection(ProjectConfigurationPlatforms) = postSolution
		{145FDFCA-4BF5-457A-8F40-86F7121D7E05}.Debug|Any CPU.ActiveCfg = Debug|Any CPU
		{145FDFCA-4BF5-457A-8F40-86F7121D7E05}.Debug|Any CPU.Build.0 = Debug|Any CPU
		{145FDFCA-4BF5-457A-8F40-86F7121D7E05}.Release|Any CPU.ActiveCfg = Release|Any CPU
		{145FDFCA-4BF5-457A-8F40-86F7121D7E05}.Release|Any CPU.Build.0 = Release|Any CPU
		{0233FAA6-EC32-48FB-96F7-F400D0696714}.Debug|Any CPU.ActiveCfg = Debug|Any CPU
		{0233FAA6-EC32-48FB-96F7-F400D0696714}.Debug|Any CPU.Build.0 = Debug|Any CPU
		{0233FAA6-EC32-48FB-96F7-F400D0696714}.Release|Any CPU.ActiveCfg = Release|Any CPU
		{0233FAA6-EC32-48FB-96F7-F400D0696714}.Release|Any CPU.Build.0 = Release|Any CPU
		{88387641-4C9C-471B-A12A-95738021D3F8}.Debug|Any CPU.ActiveCfg = Debug|Any CPU
		{88387641-4C9C-471B-A12A-95738021D3F8}.Debug|Any CPU.Build.0 = Debug|Any CPU
		{88387641-4C9C-471B-A12A-95738021D3F8}.Release|Any CPU.ActiveCfg = Release|Any CPU
		{88387641-4C9C-471B-A12A-95738021D3F8}.Release|Any CPU.Build.0 = Release|Any CPU
		{55F38347-3B41-4FBF-9898-5854794EDD1A}.Debug|Any CPU.ActiveCfg = Debug|Any CPU
		{55F38347-3B41-4FBF-9898-5854794EDD1A}.Debug|Any CPU.Build.0 = Debug|Any CPU
		{55F38347-3B41-4FBF-9898-5854794EDD1A}.Release|Any CPU.ActiveCfg = Release|Any CPU
		{55F38347-3B41-4FBF-9898-5854794EDD1A}.Release|Any CPU.Build.0 = Release|Any CPU
	EndGlobalSection
	GlobalSection(SolutionProperties) = preSolution
		HideSolutionNode = FALSE
	EndGlobalSection
	GlobalSection(NestedProjects) = preSolution
		{88387641-4C9C-471B-A12A-95738021D3F8} = {C423F9D4-BEFF-4AAC-87CB-7C76C9220A82}
		{55F38347-3B41-4FBF-9898-5854794EDD1A} = {C423F9D4-BEFF-4AAC-87CB-7C76C9220A82}
	EndGlobalSection
	GlobalSection(ExtensibilityGlobals) = postSolution
		SolutionGuid = {03214123-4C1A-4A45-A7D3-BA43B37F1CA9}
	EndGlobalSection
EndGlobal
